// !$*UTF8*$!
{
	archiveVersion = 1;
	classes = {
	};
	objectVersion = 46;
	objects = {

/* Begin PBXBuildFile section */
		B43963D11D616E3000AFBA23 /* AppDelegate.swift in Sources */ = {isa = PBXBuildFile; fileRef = B43963D01D616E3000AFBA23 /* AppDelegate.swift */; };
		B43963D31D616E3000AFBA23 /* ViewController.swift in Sources */ = {isa = PBXBuildFile; fileRef = B43963D21D616E3000AFBA23 /* ViewController.swift */; };
		B43963D61D616E3000AFBA23 /* Main.storyboard in Resources */ = {isa = PBXBuildFile; fileRef = B43963D41D616E3000AFBA23 /* Main.storyboard */; };
		B43963D81D616E3000AFBA23 /* Assets.xcassets in Resources */ = {isa = PBXBuildFile; fileRef = B43963D71D616E3000AFBA23 /* Assets.xcassets */; };
		B43963DB1D616E3000AFBA23 /* LaunchScreen.storyboard in Resources */ = {isa = PBXBuildFile; fileRef = B43963D91D616E3000AFBA23 /* LaunchScreen.storyboard */; };
		B43963E71D6227F200AFBA23 /* CustomTextField.swift in Sources */ = {isa = PBXBuildFile; fileRef = B43963E61D6227F200AFBA23 /* CustomTextField.swift */; };
		B43963E91D625A4D00AFBA23 /* CustomImageView.swift in Sources */ = {isa = PBXBuildFile; fileRef = B43963E81D625A4D00AFBA23 /* CustomImageView.swift */; };
/* End PBXBuildFile section */

/* Begin PBXFileReference section */
		B43963CD1D616E3000AFBA23 /* Animations.app */ = {isa = PBXFileReference; explicitFileType = wrapper.application; includeInIndex = 0; path = Animations.app; sourceTree = BUILT_PRODUCTS_DIR; };
		B43963D01D616E3000AFBA23 /* AppDelegate.swift */ = {isa = PBXFileReference; lastKnownFileType = sourcecode.swift; path = AppDelegate.swift; sourceTree = "<group>"; };
		B43963D21D616E3000AFBA23 /* ViewController.swift */ = {isa = PBXFileReference; lastKnownFileType = sourcecode.swift; path = ViewController.swift; sourceTree = "<group>"; };
		B43963D51D616E3000AFBA23 /* Base */ = {isa = PBXFileReference; lastKnownFileType = file.storyboard; name = Base; path = Base.lproj/Main.storyboard; sourceTree = "<group>"; };
		B43963D71D616E3000AFBA23 /* Assets.xcassets */ = {isa = PBXFileReference; lastKnownFileType = folder.assetcatalog; path = Assets.xcassets; sourceTree = "<group>"; };
		B43963DA1D616E3000AFBA23 /* Base */ = {isa = PBXFileReference; lastKnownFileType = file.storyboard; name = Base; path = Base.lproj/LaunchScreen.storyboard; sourceTree = "<group>"; };
		B43963DC1D616E3000AFBA23 /* Info.plist */ = {isa = PBXFileReference; lastKnownFileType = text.plist.xml; path = Info.plist; sourceTree = "<group>"; };
		B43963E61D6227F200AFBA23 /* CustomTextField.swift */ = {isa = PBXFileReference; fileEncoding = 4; lastKnownFileType = sourcecode.swift; path = CustomTextField.swift; sourceTree = "<group>"; };
		B43963E81D625A4D00AFBA23 /* CustomImageView.swift */ = {isa = PBXFileReference; fileEncoding = 4; lastKnownFileType = sourcecode.swift; path = CustomImageView.swift; sourceTree = "<group>"; };
/* End PBXFileReference section */

/* Begin PBXFrameworksBuildPhase section */
		B43963CA1D616E3000AFBA23 /* Frameworks */ = {
			isa = PBXFrameworksBuildPhase;
			buildActionMask = 2147483647;
			files = (
			);
			runOnlyForDeploymentPostprocessing = 0;
		};
/* End PBXFrameworksBuildPhase section */

/* Begin PBXGroup section */
		B43963C41D616E3000AFBA23 = {
			isa = PBXGroup;
			children = (
				B43963CF1D616E3000AFBA23 /* Animations */,
				B43963CE1D616E3000AFBA23 /* Products */,
			);
			sourceTree = "<group>";
		};
		B43963CE1D616E3000AFBA23 /* Products */ = {
			isa = PBXGroup;
			children = (
				B43963CD1D616E3000AFBA23 /* Animations.app */,
			);
			name = Products;
			sourceTree = "<group>";
		};
		B43963CF1D616E3000AFBA23 /* Animations */ = {
			isa = PBXGroup;
			children = (
				B43963D01D616E3000AFBA23 /* AppDelegate.swift */,
				B43963D21D616E3000AFBA23 /* ViewController.swift */,
				B43963E81D625A4D00AFBA23 /* CustomImageView.swift */,
				B43963E61D6227F200AFBA23 /* CustomTextField.swift */,
				B43963D41D616E3000AFBA23 /* Main.storyboard */,
				B43963D71D616E3000AFBA23 /* Assets.xcassets */,
				B43963D91D616E3000AFBA23 /* LaunchScreen.storyboard */,
				B43963DC1D616E3000AFBA23 /* Info.plist */,
			);
			path = Animations;
			sourceTree = "<group>";
		};
/* End PBXGroup section */

/* Begin PBXNativeTarget section */
		B43963CC1D616E3000AFBA23 /* Animations */ = {
			isa = PBXNativeTarget;
			buildConfigurationList = B43963DF1D616E3000AFBA23 /* Build configuration list for PBXNativeTarget "Animations" */;
			buildPhases = (
				B43963C91D616E3000AFBA23 /* Sources */,
				B43963CA1D616E3000AFBA23 /* Frameworks */,
				B43963CB1D616E3000AFBA23 /* Resources */,
			);
			buildRules = (
			);
			dependencies = (
			);
			name = Animations;
			productName = Animations;
			productReference = B43963CD1D616E3000AFBA23 /* Animations.app */;
			productType = "com.apple.product-type.application";
		};
/* End PBXNativeTarget section */

/* Begin PBXProject section */
		B43963C51D616E3000AFBA23 /* Project object */ = {
			isa = PBXProject;
			attributes = {
				LastSwiftUpdateCheck = 0730;
				LastUpgradeCheck = 0730;
				ORGANIZATIONNAME = MichaelMecham;
				TargetAttributes = {
					B43963CC1D616E3000AFBA23 = {
						CreatedOnToolsVersion = 7.3;
					};
				};
			};
			buildConfigurationList = B43963C81D616E3000AFBA23 /* Build configuration list for PBXProject "Animations" */;
			compatibilityVersion = "Xcode 3.2";
			developmentRegion = English;
			hasScannedForEncodings = 0;
			knownRegions = (
				en,
				Base,
			);
			mainGroup = B43963C41D616E3000AFBA23;
			productRefGroup = B43963CE1D616E3000AFBA23 /* Products */;
			projectDirPath = "";
			projectRoot = "";
			targets = (
				B43963CC1D616E3000AFBA23 /* Animations */,
			);
		};
/* End PBXProject section */

/* Begin PBXResourcesBuildPhase section */
		B43963CB1D616E3000AFBA23 /* Resources */ = {
			isa = PBXResourcesBuildPhase;
			buildActionMask = 2147483647;
			files = (
				B43963DB1D616E3000AFBA23 /* LaunchScreen.storyboard in Resources */,
				B43963D81D616E3000AFBA23 /* Assets.xcassets in Resources */,
				B43963D61D616E3000AFBA23 /* Main.storyboard in Resources */,
			);
			runOnlyForDeploymentPostprocessing = 0;
		};
/* End PBXResourcesBuildPhase section */

/* Begin PBXSourcesBuildPhase section */
		B43963C91D616E3000AFBA23 /* Sources */ = {
			isa = PBXSourcesBuildPhase;
			buildActionMask = 2147483647;
			files = (
				B43963E91D625A4D00AFBA23 /* CustomImageView.swift in Sources */,
				B43963D31D616E3000AFBA23 /* ViewController.swift in Sources */,
				B43963D11D616E3000AFBA23 /* AppDelegate.swift in Sources */,
				B43963E71D6227F200AFBA23 /* CustomTextField.swift in Sources */,
			);
			runOnlyForDeploymentPostprocessing = 0;
		};
/* End PBXSourcesBuildPhase section */

/* Begin PBXVariantGroup section */
		B43963D41D616E3000AFBA23 /* Main.storyboard */ = {
			isa = PBXVariantGroup;
			children = (
				B43963D51D616E3000AFBA23 /* Base */,
			);
			name = Main.storyboard;
			sourceTree = "<group>";
		};
		B43963D91D616E3000AFBA23 /* LaunchScreen.storyboard */ = {
			isa = PBXVariantGroup;
			children = (
				B43963DA1D616E3000AFBA23 /* Base */,
			);
			name = LaunchScreen.storyboard;
			sourceTree = "<group>";
		};
/* End PBXVariantGroup section */

/* Begin XCBuildConfiguration section */
		B43963DD1D616E3000AFBA23 /* Debug */ = {
			isa = XCBuildConfiguration;
			buildSettings = {
				ALWAYS_SEARCH_USER_PATHS = NO;
				CLANG_ANALYZER_NONNULL = YES;
				CLANG_CXX_LANGUAGE_STANDARD = "gnu++0x";
				CLANG_CXX_LIBRARY = "libc++";
				CLANG_ENABLE_MODULES = YES;
				CLANG_ENABLE_OBJC_ARC = YES;
				CLANG_WARN_BOOL_CONVERSION = YES;
				CLANG_WARN_CONSTANT_CONVERSION = YES;
				CLANG_WARN_DIRECT_OBJC_ISA_USAGE = YES_ERROR;
				CLANG_WARN_EMPTY_BODY = YES;
				CLANG_WARN_ENUM_CONVERSION = YES;
				CLANG_WARN_INT_CONVERSION = YES;
				CLANG_WARN_OBJC_ROOT_CLASS = YES_ERROR;
				CLANG_WARN_UNREACHABLE_CODE = YES;
				CLANG_WARN__DUPLICATE_METHOD_MATCH = YES;
				"CODE_SIGN_IDENTITY[sdk=iphoneos*]" = "iPhone Developer";
				COPY_PHASE_STRIP = NO;
				DEBUG_INFORMATION_FORMAT = dwarf;
				ENABLE_STRICT_OBJC_MSGSEND = YES;
				ENABLE_TESTABILITY = YES;
				GCC_C_LANGUAGE_STANDARD = gnu99;
				GCC_DYNAMIC_NO_PIC = NO;
				GCC_NO_COMMON_BLOCKS = YES;
				GCC_OPTIMIZATION_LEVEL = 0;
				GCC_PREPROCESSOR_DEFINITIONS = (
					"DEBUG=1",
					"$(inherited)",
				);
				GCC_WARN_64_TO_32_BIT_CONVERSION = YES;
				GCC_WARN_ABOUT_RETURN_TYPE = YES_ERROR;
				GCC_WARN_UNDECLARED_SELECTOR = YES;
				GCC_WARN_UNINITIALIZED_AUTOS = YES_AGGRESSIVE;
				GCC_WARN_UNUSED_FUNCTION = YES;
				GCC_WARN_UNUSED_VARIABLE = YES;
				IPHONEOS_DEPLOYMENT_TARGET = 9.3;
				MTL_ENABLE_DEBUG_INFO = YES;
				ONLY_ACTIVE_ARCH = YES;
				SDKROOT = iphoneos;
				SWIFT_OPTIMIZATION_LEVEL = "-Onone";
				TARGETED_DEVICE_FAMILY = "1,2";
			};
			name = Debug;
		};
		B43963DE1D616E3000AFBA23 /* Release */ = {
			isa = XCBuildConfiguration;
			buildSettings = {
				ALWAYS_SEARCH_USER_PATHS = NO;
				CLANG_ANALYZER_NONNULL = YES;
				CLANG_CXX_LANGUAGE_STANDARD = "gnu++0x";
				CLANG_CXX_LIBRARY = "libc++";
				CLANG_ENABLE_MODULES = YES;
				CLANG_ENABLE_OBJC_ARC = YES;
				CLANG_WARN_BOOL_CONVERSION = YES;
				CLANG_WARN_CONSTANT_CONVERSION = YES;
				CLANG_WARN_DIRECT_OBJC_ISA_USAGE = YES_ERROR;
				CLANG_WARN_EMPTY_BODY = YES;
				CLANG_WARN_ENUM_CONVERSION = YES;
				CLANG_WARN_INT_CONVERSION = YES;
				CLANG_WARN_OBJC_ROOT_CLASS = YES_ERROR;
				CLANG_WARN_UNREACHABLE_CODE = YES;
				CLANG_WARN__DUPLICATE_METHOD_MATCH = YES;
				"CODE_SIGN_IDENTITY[sdk=iphoneos*]" = "iPhone Developer";
				COPY_PHASE_STRIP = NO;
				DEBUG_INFORMATION_FORMAT = "dwarf-with-dsym";
				ENABLE_NS_ASSERTIONS = NO;
				ENABLE_STRICT_OBJC_MSGSEND = YES;
				GCC_C_LANGUAGE_STANDARD = gnu99;
				GCC_NO_COMMON_BLOCKS = YES;
				GCC_WARN_64_TO_32_BIT_CONVERSION = YES;
				GCC_WARN_ABOUT_RETURN_TYPE = YES_ERROR;
				GCC_WARN_UNDECLARED_SELECTOR = YES;
				GCC_WARN_UNINITIALIZED_AUTOS = YES_AGGRESSIVE;
				GCC_WARN_UNUSED_FUNCTION = YES;
				GCC_WARN_UNUSED_VARIABLE = YES;
				IPHONEOS_DEPLOYMENT_TARGET = 9.3;
				MTL_ENABLE_DEBUG_INFO = NO;
				SDKROOT = iphoneos;
				TARGETED_DEVICE_FAMILY = "1,2";
				VALIDATE_PRODUCT = YES;
			};
			name = Release;
		};
		B43963E01D616E3000AFBA23 /* Debug */ = {
			isa = XCBuildConfiguration;
			buildSettings = {
				ASSETCATALOG_COMPILER_APPICON_NAME = AppIcon;
				INFOPLIST_FILE = Animations/Info.plist;
				LD_RUNPATH_SEARCH_PATHS = "$(inherited) @executable_path/Frameworks";
				PRODUCT_BUNDLE_IDENTIFIER = com.MichaelMecham.Animations;
				PRODUCT_NAME = "$(TARGET_NAME)";
			};
			name = Debug;
		};
		B43963E11D616E3000AFBA23 /* Release */ = {
			isa = XCBuildConfiguration;
			buildSettings = {
				ASSETCATALOG_COMPILER_APPICON_NAME = AppIcon;
				INFOPLIST_FILE = Animations/Info.plist;
				LD_RUNPATH_SEARCH_PATHS = "$(inherited) @executable_path/Frameworks";
				PRODUCT_BUNDLE_IDENTIFIER = com.MichaelMecham.Animations;
				PRODUCT_NAME = "$(TARGET_NAME)";
			};
			name = Release;
		};
/* End XCBuildConfiguration section */

/* Begin XCConfigurationList section */
		B43963C81D616E3000AFBA23 /* Build configuration list for PBXProject "Animations" */ = {
			isa = XCConfigurationList;
			buildConfigurations = (
				B43963DD1D616E3000AFBA23 /* Debug */,
				B43963DE1D616E3000AFBA23 /* Release */,
			);
			defaultConfigurationIsVisible = 0;
			defaultConfigurationName = Release;
		};
		B43963DF1D616E3000AFBA23 /* Build configuration list for PBXNativeTarget "Animations" */ = {
			isa = XCConfigurationList;
			buildConfigurations = (
				B43963E01D616E3000AFBA23 /* Debug */,
				B43963E11D616E3000AFBA23 /* Release */,
			);
			defaultConfigurationIsVisible = 0;
		};
/* End XCConfigurationList section */
	};
	rootObject = B43963C51D616E3000AFBA23 /* Project object */;
}
